{
  "name": "platform-tech-riders",
  "lockfileVersion": 3,
  "requires": true,
  "packages": {
    "": {
      "dependencies": {
        "mcp-efficiency-engine": "^0.1.21",
        "mcpee-backend": "^0.1.4",
        "mcpee-cloud": "^0.1.4",
        "mcpee-dba": "^1.0.1",
        "mcpee-frontend": "^1.0.1",
        "mcpee-uxdesign": "^1.0.0"
      }
    },
    "node_modules/mcp-efficiency-engine": {
      "version": "0.1.21",
      "resolved": "https://registry.npmjs.org/mcp-efficiency-engine/-/mcp-efficiency-engine-0.1.21.tgz",
      "integrity": "sha512-Y2gSG4Dn9CAfD0/jjwUPmvvlZY286p2lUibYvWArrAGFQHlKy8N49sjqrTjuICHigI3v0YyFhsmDQOsebkUq/A==",
      "hasInstallScript": true,
      "license": "MIT",
      "bin": {
        "mcp-efficiency-engine": "bin/mcpee.js",
        "mcpee": "bin/mcpee.js"
      },
      "engines": {
        "node": ">=18"
      }
    },
    "node_modules/mcpee-backend": {
      "version": "0.1.4",
      "resolved": "https://registry.npmjs.org/mcpee-backend/-/mcpee-backend-0.1.4.tgz",
      "integrity": "sha512-/7DNYkXOzNGyEMA713jBT6y2Kcv/eXOcw62C/+sTr6d/LYZ5VHjv4eju7qyWtAnPx9+WGC6jz29T6xmexZzr3A==",
      "license": "MIT",
      "engines": {
        "node": ">=20"
      },
      "peerDependencies": {
        "@mcpee/core": "^0.1.0"
      },
      "peerDependenciesMeta": {
        "@mcpee/core": {
          "optional": true
        }
      }
    },
    "node_modules/mcpee-cloud": {
      "version": "0.1.4",
      "resolved": "https://registry.npmjs.org/mcpee-cloud/-/mcpee-cloud-0.1.4.tgz",
      "integrity": "sha512-wphyABXGzItfFiCdQhFlKpBB5/fO/j8mpujFOkfUZR2dK9da6vIbrFlVSiONRbs2l6jdW3jg6wfCf7w+7Qyzpg==",
      "license": "MIT",
      "engines": {
        "node": ">=18.0.0",
        "npm": ">=8.0.0"
      },
      "peerDependencies": {
        "@mcpee/core": "^0.1.0"
      },
      "peerDependenciesMeta": {
        "@mcpee/core": {
          "optional": true
        }
      }
    },
    "node_modules/mcpee-dba": {
      "version": "1.0.1",
      "resolved": "https://registry.npmjs.org/mcpee-dba/-/mcpee-dba-1.0.1.tgz",
      "integrity": "sha512-h+CwV+ShGRncV3mPtg9BTSnFrptV6bUOTmKDaQa5Mrycwcbh5NO0ycIc+p4wg2uHmVMQ3kRCp+zWPr+cjl1B3Q==",
      "license": "MIT",
      "engines": {
        "node": ">=20"
      },
      "peerDependencies": {
        "@mcpee/core": "^0.1.0"
      },
      "peerDependenciesMeta": {
        "@mcpee/core": {
          "optional": true
        }
      }
    },
    "node_modules/mcpee-frontend": {
      "version": "1.0.1",
      "resolved": "https://registry.npmjs.org/mcpee-frontend/-/mcpee-frontend-1.0.1.tgz",
      "integrity": "sha512-a3eEq/n/TvuLxi9QWGDDSCq2SgWjqeaG51JXwYIa4EmCKn1cqIcCOv/rTPTHzJJ5d7FopZ/5G3y6DLxzUf/6cA==",
      "license": "MIT",
      "engines": {
        "node": ">=20"
      },
      "peerDependencies": {
        "@mcpee/core": "^0.1.0"
      },
      "peerDependenciesMeta": {
        "@mcpee/core": {
          "optional": true
        }
      }
    },
    "node_modules/mcpee-uxdesign": {
      "version": "1.0.0",
      "resolved": "https://registry.npmjs.org/mcpee-uxdesign/-/mcpee-uxdesign-1.0.0.tgz",
      "integrity": "sha512-SUyddqmBFfnbz4NfnG5CMtDalg97iJYAtVOUFcgzzaB8/0GUh8r+a/thzzJlB+9Zxe7yrHKa3FT6MqWDsn39dQ==",
      "hasInstallScript": true,
      "license": "MIT",
      "bin": {
        "mcpee-uxdesign-doctor": "scripts/doctor.mjs",
        "mcpee-uxdesign-init": "scripts/init.mjs"
      },
      "engines": {
        "node": ">=20"
      },
      "peerDependencies": {
        "@mcpee/core": "^0.1.0"
      },
      "peerDependenciesMeta": {
        "@mcpee/core": {
          "optional": true
        }
      }
    }
  }
}
